// !$*UTF8*$!
{
	archiveVersion = 1;
	classes = {
	};
	objectVersion = 56;
	objects = {

/* Begin PBXBuildFile section */
		831032CC2A5C177700B9120E /* UberApp.swift in Sources */ = {isa = PBXBuildFile; fileRef = 831032CB2A5C177700B9120E /* UberApp.swift */; };
		831032CE2A5C177700B9120E /* ContentView.swift in Sources */ = {isa = PBXBuildFile; fileRef = 831032CD2A5C177700B9120E /* ContentView.swift */; };
		831032D02A5C177800B9120E /* Assets.xcassets in Resources */ = {isa = PBXBuildFile; fileRef = 831032CF2A5C177800B9120E /* Assets.xcassets */; };
		831032D32A5C177800B9120E /* Preview Assets.xcassets in Resources */ = {isa = PBXBuildFile; fileRef = 831032D22A5C177800B9120E /* Preview Assets.xcassets */; };
		831032E12A5C182E00B9120E /* HomeView.swift in Sources */ = {isa = PBXBuildFile; fileRef = 831032E02A5C182E00B9120E /* HomeView.swift */; };
		831032E32A5C188B00B9120E /* UberMapViewRepresentable.swift in Sources */ = {isa = PBXBuildFile; fileRef = 831032E22A5C188B00B9120E /* UberMapViewRepresentable.swift */; };
		831032E52A5C19EA00B9120E /* LocationManager.swift in Sources */ = {isa = PBXBuildFile; fileRef = 831032E42A5C19EA00B9120E /* LocationManager.swift */; };
		835681532A5C48B900C5B454 /* RideRequest.swift in Sources */ = {isa = PBXBuildFile; fileRef = 835681522A5C48B900C5B454 /* RideRequest.swift */; };
		83B5BC4E2A5C271E00F9F8C7 /* LocationSearchBox.swift in Sources */ = {isa = PBXBuildFile; fileRef = 83B5BC4D2A5C271E00F9F8C7 /* LocationSearchBox.swift */; };
		83B5BC502A5C285500F9F8C7 /* ActionButton.swift in Sources */ = {isa = PBXBuildFile; fileRef = 83B5BC4F2A5C285500F9F8C7 /* ActionButton.swift */; };
		83B5BC522A5C29E300F9F8C7 /* LocationSearch.swift in Sources */ = {isa = PBXBuildFile; fileRef = 83B5BC512A5C29E300F9F8C7 /* LocationSearch.swift */; };
		83B5BC542A5C2C4D00F9F8C7 /* LocationSearchResult.swift in Sources */ = {isa = PBXBuildFile; fileRef = 83B5BC532A5C2C4D00F9F8C7 /* LocationSearchResult.swift */; };
		83B5BC562A5C328200F9F8C7 /* LocationSearchViewModel.swift in Sources */ = {isa = PBXBuildFile; fileRef = 83B5BC552A5C328200F9F8C7 /* LocationSearchViewModel.swift */; };
		83B5BC582A5C3FD700F9F8C7 /* MapViewState.swift in Sources */ = {isa = PBXBuildFile; fileRef = 83B5BC572A5C3FD700F9F8C7 /* MapViewState.swift */; };
/* End PBXBuildFile section */

/* Begin PBXFileReference section */
		831032C82A5C177700B9120E /* Uber.app */ = {isa = PBXFileReference; explicitFileType = wrapper.application; includeInIndex = 0; path = Uber.app; sourceTree = BUILT_PRODUCTS_DIR; };
		831032CB2A5C177700B9120E /* UberApp.swift */ = {isa = PBXFileReference; lastKnownFileType = sourcecode.swift; path = UberApp.swift; sourceTree = "<group>"; };
		831032CD2A5C177700B9120E /* ContentView.swift */ = {isa = PBXFileReference; lastKnownFileType = sourcecode.swift; path = ContentView.swift; sourceTree = "<group>"; };
		831032CF2A5C177800B9120E /* Assets.xcassets */ = {isa = PBXFileReference; lastKnownFileType = folder.assetcatalog; path = Assets.xcassets; sourceTree = "<group>"; };
		831032D22A5C177800B9120E /* Preview Assets.xcassets */ = {isa = PBXFileReference; lastKnownFileType = folder.assetcatalog; path = "Preview Assets.xcassets"; sourceTree = "<group>"; };
		831032E02A5C182E00B9120E /* HomeView.swift */ = {isa = PBXFileReference; lastKnownFileType = sourcecode.swift; path = HomeView.swift; sourceTree = "<group>"; };
		831032E22A5C188B00B9120E /* UberMapViewRepresentable.swift */ = {isa = PBXFileReference; lastKnownFileType = sourcecode.swift; path = UberMapViewRepresentable.swift; sourceTree = "<group>"; };
		831032E42A5C19EA00B9120E /* LocationManager.swift */ = {isa = PBXFileReference; lastKnownFileType = sourcecode.swift; path = LocationManager.swift; sourceTree = "<group>"; };
		835681522A5C48B900C5B454 /* RideRequest.swift */ = {isa = PBXFileReference; lastKnownFileType = sourcecode.swift; path = RideRequest.swift; sourceTree = "<group>"; };
		83B5BC4D2A5C271E00F9F8C7 /* LocationSearchBox.swift */ = {isa = PBXFileReference; lastKnownFileType = sourcecode.swift; path = LocationSearchBox.swift; sourceTree = "<group>"; };
		83B5BC4F2A5C285500F9F8C7 /* ActionButton.swift */ = {isa = PBXFileReference; lastKnownFileType = sourcecode.swift; path = ActionButton.swift; sourceTree = "<group>"; };
		83B5BC512A5C29E300F9F8C7 /* LocationSearch.swift */ = {isa = PBXFileReference; lastKnownFileType = sourcecode.swift; path = LocationSearch.swift; sourceTree = "<group>"; };
		83B5BC532A5C2C4D00F9F8C7 /* LocationSearchResult.swift */ = {isa = PBXFileReference; lastKnownFileType = sourcecode.swift; path = LocationSearchResult.swift; sourceTree = "<group>"; };
		83B5BC552A5C328200F9F8C7 /* LocationSearchViewModel.swift */ = {isa = PBXFileReference; lastKnownFileType = sourcecode.swift; path = LocationSearchViewModel.swift; sourceTree = "<group>"; };
		83B5BC572A5C3FD700F9F8C7 /* MapViewState.swift */ = {isa = PBXFileReference; lastKnownFileType = sourcecode.swift; path = MapViewState.swift; sourceTree = "<group>"; };
/* End PBXFileReference section */

/* Begin PBXFrameworksBuildPhase section */
		831032C52A5C177700B9120E /* Frameworks */ = {
			isa = PBXFrameworksBuildPhase;
			buildActionMask = 2147483647;
			files = (
			);
			runOnlyForDeploymentPostprocessing = 0;
		};
/* End PBXFrameworksBuildPhase section */

/* Begin PBXGroup section */
		831032BF2A5C177700B9120E = {
			isa = PBXGroup;
			children = (
				831032CA2A5C177700B9120E /* Uber */,
				831032C92A5C177700B9120E /* Products */,
			);
			sourceTree = "<group>";
		};
		831032C92A5C177700B9120E /* Products */ = {
			isa = PBXGroup;
			children = (
				831032C82A5C177700B9120E /* Uber.app */,
			);
			name = Products;
			sourceTree = "<group>";
		};
		831032CA2A5C177700B9120E /* Uber */ = {
			isa = PBXGroup;
			children = (
				831032DE2A5C180200B9120E /* Managers */,
				831032DD2A5C17FC00B9120E /* Models */,
				831032DC2A5C17F300B9120E /* Extensions */,
				831032DA2A5C17E800B9120E /* ViewModels */,
				835681542A5C4F4700C5B454 /* utils */,
				831032D92A5C17DC00B9120E /* Views */,
				831032CB2A5C177700B9120E /* UberApp.swift */,
				831032CD2A5C177700B9120E /* ContentView.swift */,
				831032CF2A5C177800B9120E /* Assets.xcassets */,
				831032D12A5C177800B9120E /* Preview Content */,
			);
			path = Uber;
			sourceTree = "<group>";
		};
		831032D12A5C177800B9120E /* Preview Content */ = {
			isa = PBXGroup;
			children = (
				831032D22A5C177800B9120E /* Preview Assets.xcassets */,
			);
			path = "Preview Content";
			sourceTree = "<group>";
		};
		831032D92A5C17DC00B9120E /* Views */ = {
			isa = PBXGroup;
			children = (
				831032E02A5C182E00B9120E /* HomeView.swift */,
				831032E22A5C188B00B9120E /* UberMapViewRepresentable.swift */,
				83B5BC512A5C29E300F9F8C7 /* LocationSearch.swift */,
			);
			path = Views;
			sourceTree = "<group>";
		};
		831032DA2A5C17E800B9120E /* ViewModels */ = {
			isa = PBXGroup;
			children = (
				83B5BC552A5C328200F9F8C7 /* LocationSearchViewModel.swift */,
			);
			path = ViewModels;
			sourceTree = "<group>";
		};
		831032DC2A5C17F300B9120E /* Extensions */ = {
			isa = PBXGroup;
			children = (
			);
			path = Extensions;
			sourceTree = "<group>";
		};
		831032DD2A5C17FC00B9120E /* Models */ = {
			isa = PBXGroup;
			children = (
				83B5BC572A5C3FD700F9F8C7 /* MapViewState.swift */,
			);
			path = Models;
			sourceTree = "<group>";
		};
		831032DE2A5C180200B9120E /* Managers */ = {
			isa = PBXGroup;
			children = (
				831032E42A5C19EA00B9120E /* LocationManager.swift */,
			);
			path = Managers;
			sourceTree = "<group>";
		};
		835681542A5C4F4700C5B454 /* utils */ = {
			isa = PBXGroup;
			children = (
				83B5BC4D2A5C271E00F9F8C7 /* LocationSearchBox.swift */,
				83B5BC4F2A5C285500F9F8C7 /* ActionButton.swift */,
				83B5BC532A5C2C4D00F9F8C7 /* LocationSearchResult.swift */,
				835681522A5C48B900C5B454 /* RideRequest.swift */,
			);
			path = utils;
			sourceTree = "<group>";
		};
/* End PBXGroup section */

/* Begin PBXNativeTarget section */
		831032C72A5C177700B9120E /* Uber */ = {
			isa = PBXNativeTarget;
			buildConfigurationList = 831032D62A5C177800B9120E /* Build configuration list for PBXNativeTarget "Uber" */;
			buildPhases = (
				831032C42A5C177700B9120E /* Sources */,
				831032C52A5C177700B9120E /* Frameworks */,
				831032C62A5C177700B9120E /* Resources */,
			);
			buildRules = (
			);
			dependencies = (
			);
			name = Uber;
			productName = Uber;
			productReference = 831032C82A5C177700B9120E /* Uber.app */;
			productType = "com.apple.product-type.application";
		};
/* End PBXNativeTarget section */

/* Begin PBXProject section */
		831032C02A5C177700B9120E /* Project object */ = {
			isa = PBXProject;
			attributes = {
				BuildIndependentTargetsInParallel = 1;
				LastSwiftUpdateCheck = 1430;
				LastUpgradeCheck = 1430;
				TargetAttributes = {
					831032C72A5C177700B9120E = {
						CreatedOnToolsVersion = 14.3.1;
					};
				};
			};
			buildConfigurationList = 831032C32A5C177700B9120E /* Build configuration list for PBXProject "Uber" */;
			compatibilityVersion = "Xcode 14.0";
			developmentRegion = en;
			hasScannedForEncodings = 0;
			knownRegions = (
				en,
				Base,
			);
			mainGroup = 831032BF2A5C177700B9120E;
			productRefGroup = 831032C92A5C177700B9120E /* Products */;
			projectDirPath = "";
			projectRoot = "";
			targets = (
				831032C72A5C177700B9120E /* Uber */,
			);
		};
/* End PBXProject section */

/* Begin PBXResourcesBuildPhase section */
		831032C62A5C177700B9120E /* Resources */ = {
			isa = PBXResourcesBuildPhase;
			buildActionMask = 2147483647;
			files = (
				831032D32A5C177800B9120E /* Preview Assets.xcassets in Resources */,
				831032D02A5C177800B9120E /* Assets.xcassets in Resources */,
			);
			runOnlyForDeploymentPostprocessing = 0;
		};
/* End PBXResourcesBuildPhase section */

/* Begin PBXSourcesBuildPhase section */
		831032C42A5C177700B9120E /* Sources */ = {
			isa = PBXSourcesBuildPhase;
			buildActionMask = 2147483647;
			files = (
				831032E32A5C188B00B9120E /* UberMapViewRepresentable.swift in Sources */,
				835681532A5C48B900C5B454 /* RideRequest.swift in Sources */,
				83B5BC542A5C2C4D00F9F8C7 /* LocationSearchResult.swift in Sources */,
				831032E12A5C182E00B9120E /* HomeView.swift in Sources */,
				83B5BC562A5C328200F9F8C7 /* LocationSearchViewModel.swift in Sources */,
				83B5BC4E2A5C271E00F9F8C7 /* LocationSearchBox.swift in Sources */,
				83B5BC582A5C3FD700F9F8C7 /* MapViewState.swift in Sources */,
				831032E52A5C19EA00B9120E /* LocationManager.swift in Sources */,
				831032CE2A5C177700B9120E /* ContentView.swift in Sources */,
				831032CC2A5C177700B9120E /* UberApp.swift in Sources */,
				83B5BC522A5C29E300F9F8C7 /* LocationSearch.swift in Sources */,
				83B5BC502A5C285500F9F8C7 /* ActionButton.swift in Sources */,
			);
			runOnlyForDeploymentPostprocessing = 0;
		};
/* End PBXSourcesBuildPhase section */

/* Begin XCBuildConfiguration section */
		831032D42A5C177800B9120E /* Debug */ = {
			isa = XCBuildConfiguration;
			buildSettings = {
				ALWAYS_SEARCH_USER_PATHS = NO;
				CLANG_ANALYZER_NONNULL = YES;
				CLANG_ANALYZER_NUMBER_OBJECT_CONVERSION = YES_AGGRESSIVE;
				CLANG_CXX_LANGUAGE_STANDARD = "gnu++20";
				CLANG_ENABLE_MODULES = YES;
				CLANG_ENABLE_OBJC_ARC = YES;
				CLANG_ENABLE_OBJC_WEAK = YES;
				CLANG_WARN_BLOCK_CAPTURE_AUTORELEASING = YES;
				CLANG_WARN_BOOL_CONVERSION = YES;
				CLANG_WARN_COMMA = YES;
				CLANG_WARN_CONSTANT_CONVERSION = YES;
				CLANG_WARN_DEPRECATED_OBJC_IMPLEMENTATIONS = YES;
				CLANG_WARN_DIRECT_OBJC_ISA_USAGE = YES_ERROR;
				CLANG_WARN_DOCUMENTATION_COMMENTS = YES;
				CLANG_WARN_EMPTY_BODY = YES;
				CLANG_WARN_ENUM_CONVERSION = YES;
				CLANG_WARN_INFINITE_RECURSION = YES;
				CLANG_WARN_INT_CONVERSION = YES;
				CLANG_WARN_NON_LITERAL_NULL_CONVERSION = YES;
				CLANG_WARN_OBJC_IMPLICIT_RETAIN_SELF = YES;
				CLANG_WARN_OBJC_LITERAL_CONVERSION = YES;
				CLANG_WARN_OBJC_ROOT_CLASS = YES_ERROR;
				CLANG_WARN_QUOTED_INCLUDE_IN_FRAMEWORK_HEADER = YES;
				CLANG_WARN_RANGE_LOOP_ANALYSIS = YES;
				CLANG_WARN_STRICT_PROTOTYPES = YES;
				CLANG_WARN_SUSPICIOUS_MOVE = YES;
				CLANG_WARN_UNGUARDED_AVAILABILITY = YES_AGGRESSIVE;
				CLANG_WARN_UNREACHABLE_CODE = YES;
				CLANG_WARN__DUPLICATE_METHOD_MATCH = YES;
				COPY_PHASE_STRIP = NO;
				DEBUG_INFORMATION_FORMAT = dwarf;
				ENABLE_STRICT_OBJC_MSGSEND = YES;
				ENABLE_TESTABILITY = YES;
				GCC_C_LANGUAGE_STANDARD = gnu11;
				GCC_DYNAMIC_NO_PIC = NO;
				GCC_NO_COMMON_BLOCKS = YES;
				GCC_OPTIMIZATION_LEVEL = 0;
				GCC_PREPROCESSOR_DEFINITIONS = (
					"DEBUG=1",
					"$(inherited)",
				);
				GCC_WARN_64_TO_32_BIT_CONVERSION = YES;
				GCC_WARN_ABOUT_RETURN_TYPE = YES_ERROR;
				GCC_WARN_UNDECLARED_SELECTOR = YES;
				GCC_WARN_UNINITIALIZED_AUTOS = YES_AGGRESSIVE;
				GCC_WARN_UNUSED_FUNCTION = YES;
				GCC_WARN_UNUSED_VARIABLE = YES;
				IPHONEOS_DEPLOYMENT_TARGET = 16.4;
				MTL_ENABLE_DEBUG_INFO = INCLUDE_SOURCE;
				MTL_FAST_MATH = YES;
				ONLY_ACTIVE_ARCH = YES;
				SDKROOT = iphoneos;
				SWIFT_ACTIVE_COMPILATION_CONDITIONS = DEBUG;
				SWIFT_OPTIMIZATION_LEVEL = "-Onone";
			};
			name = Debug;
		};
		831032D52A5C177800B9120E /* Release */ = {
			isa = XCBuildConfiguration;
			buildSettings = {
				ALWAYS_SEARCH_USER_PATHS = NO;
				CLANG_ANALYZER_NONNULL = YES;
				CLANG_ANALYZER_NUMBER_OBJECT_CONVERSION = YES_AGGRESSIVE;
				CLANG_CXX_LANGUAGE_STANDARD = "gnu++20";
				CLANG_ENABLE_MODULES = YES;
				CLANG_ENABLE_OBJC_ARC = YES;
				CLANG_ENABLE_OBJC_WEAK = YES;
				CLANG_WARN_BLOCK_CAPTURE_AUTORELEASING = YES;
				CLANG_WARN_BOOL_CONVERSION = YES;
				CLANG_WARN_COMMA = YES;
				CLANG_WARN_CONSTANT_CONVERSION = YES;
				CLANG_WARN_DEPRECATED_OBJC_IMPLEMENTATIONS = YES;
				CLANG_WARN_DIRECT_OBJC_ISA_USAGE = YES_ERROR;
				CLANG_WARN_DOCUMENTATION_COMMENTS = YES;
				CLANG_WARN_EMPTY_BODY = YES;
				CLANG_WARN_ENUM_CONVERSION = YES;
				CLANG_WARN_INFINITE_RECURSION = YES;
				CLANG_WARN_INT_CONVERSION = YES;
				CLANG_WARN_NON_LITERAL_NULL_CONVERSION = YES;
				CLANG_WARN_OBJC_IMPLICIT_RETAIN_SELF = YES;
				CLANG_WARN_OBJC_LITERAL_CONVERSION = YES;
				CLANG_WARN_OBJC_ROOT_CLASS = YES_ERROR;
				CLANG_WARN_QUOTED_INCLUDE_IN_FRAMEWORK_HEADER = YES;
				CLANG_WARN_RANGE_LOOP_ANALYSIS = YES;
				CLANG_WARN_STRICT_PROTOTYPES = YES;
				CLANG_WARN_SUSPICIOUS_MOVE = YES;
				CLANG_WARN_UNGUARDED_AVAILABILITY = YES_AGGRESSIVE;
				CLANG_WARN_UNREACHABLE_CODE = YES;
				CLANG_WARN__DUPLICATE_METHOD_MATCH = YES;
				COPY_PHASE_STRIP = NO;
				DEBUG_INFORMATION_FORMAT = "dwarf-with-dsym";
				ENABLE_NS_ASSERTIONS = NO;
				ENABLE_STRICT_OBJC_MSGSEND = YES;
				GCC_C_LANGUAGE_STANDARD = gnu11;
				GCC_NO_COMMON_BLOCKS = YES;
				GCC_WARN_64_TO_32_BIT_CONVERSION = YES;
				GCC_WARN_ABOUT_RETURN_TYPE = YES_ERROR;
				GCC_WARN_UNDECLARED_SELECTOR = YES;
				GCC_WARN_UNINITIALIZED_AUTOS = YES_AGGRESSIVE;
				GCC_WARN_UNUSED_FUNCTION = YES;
				GCC_WARN_UNUSED_VARIABLE = YES;
				IPHONEOS_DEPLOYMENT_TARGET = 16.4;
				MTL_ENABLE_DEBUG_INFO = NO;
				MTL_FAST_MATH = YES;
				SDKROOT = iphoneos;
				SWIFT_COMPILATION_MODE = wholemodule;
				SWIFT_OPTIMIZATION_LEVEL = "-O";
				VALIDATE_PRODUCT = YES;
			};
			name = Release;
		};
		831032D72A5C177800B9120E /* Debug */ = {
			isa = XCBuildConfiguration;
			buildSettings = {
				ASSETCATALOG_COMPILER_APPICON_NAME = AppIcon;
				ASSETCATALOG_COMPILER_GLOBAL_ACCENT_COLOR_NAME = AccentColor;
				CODE_SIGN_STYLE = Automatic;
				CURRENT_PROJECT_VERSION = 1;
				DEVELOPMENT_ASSET_PATHS = "\"Uber/Preview Content\"";
				ENABLE_PREVIEWS = YES;
				GENERATE_INFOPLIST_FILE = YES;
				INFOPLIST_KEY_NSLocationWhenInUseUsageDescription = "";
				INFOPLIST_KEY_UIApplicationSceneManifest_Generation = YES;
				INFOPLIST_KEY_UIApplicationSupportsIndirectInputEvents = YES;
				INFOPLIST_KEY_UILaunchScreen_Generation = YES;
				INFOPLIST_KEY_UISupportedInterfaceOrientations_iPad = "UIInterfaceOrientationPortrait UIInterfaceOrientationPortraitUpsideDown UIInterfaceOrientationLandscapeLeft UIInterfaceOrientationLandscapeRight";
				INFOPLIST_KEY_UISupportedInterfaceOrientations_iPhone = "UIInterfaceOrientationPortrait UIInterfaceOrientationLandscapeLeft UIInterfaceOrientationLandscapeRight";
				IPHONEOS_DEPLOYMENT_TARGET = 16.0;
				LD_RUNPATH_SEARCH_PATHS = (
					"$(inherited)",
					"@executable_path/Frameworks",
				);
				MARKETING_VERSION = 1.0;
				PRODUCT_BUNDLE_IDENTIFIER = com.suleymanuren.Uber;
				PRODUCT_NAME = "$(TARGET_NAME)";
				SWIFT_EMIT_LOC_STRINGS = YES;
				SWIFT_VERSION = 5.0;
				TARGETED_DEVICE_FAMILY = "1,2";
			};
			name = Debug;
		};
		831032D82A5C177800B9120E /* Release */ = {
			isa = XCBuildConfiguration;
			buildSettings = {
				ASSETCATALOG_COMPILER_APPICON_NAME = AppIcon;
				ASSETCATALOG_COMPILER_GLOBAL_ACCENT_COLOR_NAME = AccentColor;
				CODE_SIGN_STYLE = Automatic;
				CURRENT_PROJECT_VERSION = 1;
				DEVELOPMENT_ASSET_PATHS = "\"Uber/Preview Content\"";
				ENABLE_PREVIEWS = YES;
				GENERATE_INFOPLIST_FILE = YES;
				INFOPLIST_KEY_NSLocationWhenInUseUsageDescription = "";
				INFOPLIST_KEY_UIApplicationSceneManifest_Generation = YES;
				INFOPLIST_KEY_UIApplicationSupportsIndirectInputEvents = YES;
				INFOPLIST_KEY_UILaunchScreen_Generation = YES;
				INFOPLIST_KEY_UISupportedInterfaceOrientations_iPad = "UIInterfaceOrientationPortrait UIInterfaceOrientationPortraitUpsideDown UIInterfaceOrientationLandscapeLeft UIInterfaceOrientationLandscapeRight";
				INFOPLIST_KEY_UISupportedInterfaceOrientations_iPhone = "UIInterfaceOrientationPortrait UIInterfaceOrientationLandscapeLeft UIInterfaceOrientationLandscapeRight";
				IPHONEOS_DEPLOYMENT_TARGET = 16.0;
				LD_RUNPATH_SEARCH_PATHS = (
					"$(inherited)",
					"@executable_path/Frameworks",
				);
				MARKETING_VERSION = 1.0;
				PRODUCT_BUNDLE_IDENTIFIER = com.suleymanuren.Uber;
				PRODUCT_NAME = "$(TARGET_NAME)";
				SWIFT_EMIT_LOC_STRINGS = YES;
				SWIFT_VERSION = 5.0;
				TARGETED_DEVICE_FAMILY = "1,2";
			};
			name = Release;
		};
/* End XCBuildConfiguration section */

/* Begin XCConfigurationList section */
		831032C32A5C177700B9120E /* Build configuration list for PBXProject "Uber" */ = {
			isa = XCConfigurationList;
			buildConfigurations = (
				831032D42A5C177800B9120E /* Debug */,
				831032D52A5C177800B9120E /* Release */,
			);
			defaultConfigurationIsVisible = 0;
			defaultConfigurationName = Release;
		};
		831032D62A5C177800B9120E /* Build configuration list for PBXNativeTarget "Uber" */ = {
			isa = XCConfigurationList;
			buildConfigurations = (
				831032D72A5C177800B9120E /* Debug */,
				831032D82A5C177800B9120E /* Release */,
			);
			defaultConfigurationIsVisible = 0;
			defaultConfigurationName = Release;
		};
/* End XCConfigurationList section */
	};
	rootObject = 831032C02A5C177700B9120E /* Project object */;
}
